
Microsoft Visual Studio Solution File, Format Version 12.00
# Visual Studio Version 17
VisualStudioVersion = 17.0.31903.59
MinimumVisualStudioVersion = 10.0.40219.1
Project("{2150E333-8FDC-42A3-9474-1A3956D46DE8}") = "src", "src", "{99AB05AC-AB32-4F17-89B6-AFC22085F363}"
EndProject
Project("{2150E333-8FDC-42A3-9474-1A3956D46DE8}") = "Modules", "Modules", "{0E41F1A4-EF7E-4EA3-BE2D-367D8F015003}"
EndProject
Project("{2150E333-8FDC-42A3-9474-1A3956D46DE8}") = "docs", "docs", "{DDBC39A1-47C6-43E6-9335-025A5F4C8A49}"
	ProjectSection(SolutionItems) = preProject
		docs\context-map-big-picture-example.png = docs\context-map-big-picture-example.png
	EndProjectSection
EndProject
Project("{2150E333-8FDC-42A3-9474-1A3956D46DE8}") = "Shared", "Shared", "{160DF0AB-ECB6-497B-BFAE-3AE5BE5F95FF}"
EndProject
Project("{FAE04EC0-301F-11D3-BF4B-00C04F79EFBC}") = "HWork.Launcher", "src\HWork.Launcher\HWork.Launcher.csproj", "{B86719C9-79E1-44EB-8442-C5AD1B6109CD}"
EndProject
Project("{FAE04EC0-301F-11D3-BF4B-00C04F79EFBC}") = "HWork.Shared.Infrastructure", "src\HWork.Shared.Infrastructure\HWork.Shared.Infrastructure.csproj", "{E290D425-A8A2-470B-A7D2-0546477FBB62}"
EndProject
Project("{2150E333-8FDC-42A3-9474-1A3956D46DE8}") = "Exercises", "Exercises", "{E149DEBF-4597-4665-B1E4-A705809291B1}"
EndProject
Project("{FAE04EC0-301F-11D3-BF4B-00C04F79EFBC}") = "HWork.Exercises.Api", "src\HWork.Exercises.Api\HWork.Exercises.Api.csproj", "{A1B210B5-D305-4509-B139-5DF1BA54A9F9}"
EndProject
Project("{FAE04EC0-301F-11D3-BF4B-00C04F79EFBC}") = "HWork.Shared.Api.Abstractions", "src\HWork.Shared.Api.Abstractions\HWork.Shared.Api.Abstractions.csproj", "{DBBCE4AC-73A2-49F7-9816-9A742BA7E9FC}"
EndProject
Project("{2150E333-8FDC-42A3-9474-1A3956D46DE8}") = "Reviews", "Reviews", "{C96AF500-47B6-479A-BBE6-D476437EB6E2}"
EndProject
Project("{FAE04EC0-301F-11D3-BF4B-00C04F79EFBC}") = "HWork.Reviews.Api", "src\HWork.Reviews.Api\HWork.Reviews.Api.csproj", "{D7B60DBC-AF1D-422C-94CB-DEC8DE6994F1}"
EndProject
Project("{FAE04EC0-301F-11D3-BF4B-00C04F79EFBC}") = "HWork.Exercises.Application", "src\HWork.Exercises.Application\HWork.Exercises.Application.csproj", "{EC117970-6AEC-4899-A52D-365902B5E8CC}"
EndProject
Project("{FAE04EC0-301F-11D3-BF4B-00C04F79EFBC}") = "HWork.Exercises.Domain", "src\HWork.Exercises.Domain\HWork.Exercises.Domain.csproj", "{4E5A4B66-41A7-4D74-987A-B02C294E62C7}"
EndProject
Project("{FAE04EC0-301F-11D3-BF4B-00C04F79EFBC}") = "HWork.Exercises.Infrastructure", "src\HWork.Exercises.Infrastructure\HWork.Exercises.Infrastructure.csproj", "{AB75C626-6BB5-4436-850F-D4B7C6202668}"
EndProject
Project("{FAE04EC0-301F-11D3-BF4B-00C04F79EFBC}") = "HWork.Shared.Domain.Abstractions", "src\HWork.Shared.Domain.Abstractions\HWork.Shared.Domain.Abstractions.csproj", "{503627C6-801D-4090-BB81-73EFB373710E}"
EndProject
Project("{FAE04EC0-301F-11D3-BF4B-00C04F79EFBC}") = "HWork.Shared.Application.Abstractions", "src\HWork.Shared.Application.Abstractions\HWork.Shared.Application.Abstractions.csproj", "{BF6457AF-1B7F-4AAC-953F-7072D5EEAF32}"
EndProject
Project("{2150E333-8FDC-42A3-9474-1A3956D46DE8}") = "tools", "tools", "{26639E28-CA88-4864-8B5B-1BFE686A19AC}"
EndProject
Project("{2150E333-8FDC-42A3-9474-1A3956D46DE8}") = "docker", "docker", "{ADF46CC9-732F-4531-AA39-9E1B3EDA0821}"
	ProjectSection(SolutionItems) = preProject
		docker-compose.yml = docker-compose.yml
		Dockerfile = Dockerfile
	EndProjectSection
EndProject
Global
	GlobalSection(SolutionConfigurationPlatforms) = preSolution
		Debug|Any CPU = Debug|Any CPU
		Release|Any CPU = Release|Any CPU
	EndGlobalSection
	GlobalSection(SolutionProperties) = preSolution
		HideSolutionNode = FALSE
	EndGlobalSection
	GlobalSection(NestedProjects) = preSolution
		{0E41F1A4-EF7E-4EA3-BE2D-367D8F015003} = {99AB05AC-AB32-4F17-89B6-AFC22085F363}
		{160DF0AB-ECB6-497B-BFAE-3AE5BE5F95FF} = {99AB05AC-AB32-4F17-89B6-AFC22085F363}
		{B86719C9-79E1-44EB-8442-C5AD1B6109CD} = {99AB05AC-AB32-4F17-89B6-AFC22085F363}
		{E290D425-A8A2-470B-A7D2-0546477FBB62} = {160DF0AB-ECB6-497B-BFAE-3AE5BE5F95FF}
		{E149DEBF-4597-4665-B1E4-A705809291B1} = {0E41F1A4-EF7E-4EA3-BE2D-367D8F015003}
		{A1B210B5-D305-4509-B139-5DF1BA54A9F9} = {E149DEBF-4597-4665-B1E4-A705809291B1}
		{DBBCE4AC-73A2-49F7-9816-9A742BA7E9FC} = {160DF0AB-ECB6-497B-BFAE-3AE5BE5F95FF}
		{C96AF500-47B6-479A-BBE6-D476437EB6E2} = {0E41F1A4-EF7E-4EA3-BE2D-367D8F015003}
		{D7B60DBC-AF1D-422C-94CB-DEC8DE6994F1} = {C96AF500-47B6-479A-BBE6-D476437EB6E2}
		{EC117970-6AEC-4899-A52D-365902B5E8CC} = {E149DEBF-4597-4665-B1E4-A705809291B1}
		{4E5A4B66-41A7-4D74-987A-B02C294E62C7} = {E149DEBF-4597-4665-B1E4-A705809291B1}
		{AB75C626-6BB5-4436-850F-D4B7C6202668} = {E149DEBF-4597-4665-B1E4-A705809291B1}
		{503627C6-801D-4090-BB81-73EFB373710E} = {160DF0AB-ECB6-497B-BFAE-3AE5BE5F95FF}
		{BF6457AF-1B7F-4AAC-953F-7072D5EEAF32} = {160DF0AB-ECB6-497B-BFAE-3AE5BE5F95FF}
		{ADF46CC9-732F-4531-AA39-9E1B3EDA0821} = {26639E28-CA88-4864-8B5B-1BFE686A19AC}
	EndGlobalSection
	GlobalSection(ProjectConfigurationPlatforms) = postSolution
		{B86719C9-79E1-44EB-8442-C5AD1B6109CD}.Debug|Any CPU.ActiveCfg = Debug|Any CPU
		{B86719C9-79E1-44EB-8442-C5AD1B6109CD}.Debug|Any CPU.Build.0 = Debug|Any CPU
		{B86719C9-79E1-44EB-8442-C5AD1B6109CD}.Release|Any CPU.ActiveCfg = Release|Any CPU
		{B86719C9-79E1-44EB-8442-C5AD1B6109CD}.Release|Any CPU.Build.0 = Release|Any CPU
		{E290D425-A8A2-470B-A7D2-0546477FBB62}.Debug|Any CPU.ActiveCfg = Debug|Any CPU
		{E290D425-A8A2-470B-A7D2-0546477FBB62}.Debug|Any CPU.Build.0 = Debug|Any CPU
		{E290D425-A8A2-470B-A7D2-0546477FBB62}.Release|Any CPU.ActiveCfg = Release|Any CPU
		{E290D425-A8A2-470B-A7D2-0546477FBB62}.Release|Any CPU.Build.0 = Release|Any CPU
		{A1B210B5-D305-4509-B139-5DF1BA54A9F9}.Debug|Any CPU.ActiveCfg = Debug|Any CPU
		{A1B210B5-D305-4509-B139-5DF1BA54A9F9}.Debug|Any CPU.Build.0 = Debug|Any CPU
		{A1B210B5-D305-4509-B139-5DF1BA54A9F9}.Release|Any CPU.ActiveCfg = Release|Any CPU
		{A1B210B5-D305-4509-B139-5DF1BA54A9F9}.Release|Any CPU.Build.0 = Release|Any CPU
		{DBBCE4AC-73A2-49F7-9816-9A742BA7E9FC}.Debug|Any CPU.ActiveCfg = Debug|Any CPU
		{DBBCE4AC-73A2-49F7-9816-9A742BA7E9FC}.Debug|Any CPU.Build.0 = Debug|Any CPU
		{DBBCE4AC-73A2-49F7-9816-9A742BA7E9FC}.Release|Any CPU.ActiveCfg = Release|Any CPU
		{DBBCE4AC-73A2-49F7-9816-9A742BA7E9FC}.Release|Any CPU.Build.0 = Release|Any CPU
		{D7B60DBC-AF1D-422C-94CB-DEC8DE6994F1}.Debug|Any CPU.ActiveCfg = Debug|Any CPU
		{D7B60DBC-AF1D-422C-94CB-DEC8DE6994F1}.Debug|Any CPU.Build.0 = Debug|Any CPU
		{D7B60DBC-AF1D-422C-94CB-DEC8DE6994F1}.Release|Any CPU.ActiveCfg = Release|Any CPU
		{D7B60DBC-AF1D-422C-94CB-DEC8DE6994F1}.Release|Any CPU.Build.0 = Release|Any CPU
		{EC117970-6AEC-4899-A52D-365902B5E8CC}.Debug|Any CPU.ActiveCfg = Debug|Any CPU
		{EC117970-6AEC-4899-A52D-365902B5E8CC}.Debug|Any CPU.Build.0 = Debug|Any CPU
		{EC117970-6AEC-4899-A52D-365902B5E8CC}.Release|Any CPU.ActiveCfg = Release|Any CPU
		{EC117970-6AEC-4899-A52D-365902B5E8CC}.Release|Any CPU.Build.0 = Release|Any CPU
		{4E5A4B66-41A7-4D74-987A-B02C294E62C7}.Debug|Any CPU.ActiveCfg = Debug|Any CPU
		{4E5A4B66-41A7-4D74-987A-B02C294E62C7}.Debug|Any CPU.Build.0 = Debug|Any CPU
		{4E5A4B66-41A7-4D74-987A-B02C294E62C7}.Release|Any CPU.ActiveCfg = Release|Any CPU
		{4E5A4B66-41A7-4D74-987A-B02C294E62C7}.Release|Any CPU.Build.0 = Release|Any CPU
		{AB75C626-6BB5-4436-850F-D4B7C6202668}.Debug|Any CPU.ActiveCfg = Debug|Any CPU
		{AB75C626-6BB5-4436-850F-D4B7C6202668}.Debug|Any CPU.Build.0 = Debug|Any CPU
		{AB75C626-6BB5-4436-850F-D4B7C6202668}.Release|Any CPU.ActiveCfg = Release|Any CPU
		{AB75C626-6BB5-4436-850F-D4B7C6202668}.Release|Any CPU.Build.0 = Release|Any CPU
		{503627C6-801D-4090-BB81-73EFB373710E}.Debug|Any CPU.ActiveCfg = Debug|Any CPU
		{503627C6-801D-4090-BB81-73EFB373710E}.Debug|Any CPU.Build.0 = Debug|Any CPU
		{503627C6-801D-4090-BB81-73EFB373710E}.Release|Any CPU.ActiveCfg = Release|Any CPU
		{503627C6-801D-4090-BB81-73EFB373710E}.Release|Any CPU.Build.0 = Release|Any CPU
		{BF6457AF-1B7F-4AAC-953F-7072D5EEAF32}.Debug|Any CPU.ActiveCfg = Debug|Any CPU
		{BF6457AF-1B7F-4AAC-953F-7072D5EEAF32}.Debug|Any CPU.Build.0 = Debug|Any CPU
		{BF6457AF-1B7F-4AAC-953F-7072D5EEAF32}.Release|Any CPU.ActiveCfg = Release|Any CPU
		{BF6457AF-1B7F-4AAC-953F-7072D5EEAF32}.Release|Any CPU.Build.0 = Release|Any CPU
	EndGlobalSection
EndGlobal
